%{
  "cc_precompiler": {:hex, :cc_precompiler, "0.1.10", "47c9c08d8869cf09b41da36538f62bc1abd3e19e41701c2cea2675b53c704258", [:mix], [{:elixir_make, "~> 0.7", [hex: :elixir_make, repo: "hexpm", optional: false]}], "hexpm", "f6e046254e53cd6b41c6bacd70ae728011aa82b2742a80d6e2214855c6e06b22"},
  "elixir_make": {:hex, :elixir_make, "0.9.0", "6484b3cd8c0cee58f09f05ecaf1a140a8c97670671a6a0e7ab4dc326c3109726", [:mix], [], "hexpm", "db23d4fd8b757462ad02f8aa73431a426fe6671c80b200d9710caf3d1dd0ffdb"},
  "fine": {:hex, :fine, "0.1.0", "9bb99a5ff9b968f12c3b458fa1277c39e9a620b23a9439103703a25917293871", [:mix], [], "hexpm", "1d6485bf811b95dc6ae3d197c0e6f994880b86167a827983bb29cbfc03a02684"},
  "pythonx": {:hex, :pythonx, "0.4.4", "bcdd11ef5ff37a57e4b60f98162b7c386f63ecab5216781770449bddef0e0a71", [:make, :mix], [{:cc_precompiler, "~> 0.1", [hex: :cc_precompiler, repo: "hexpm", optional: false]}, {:elixir_make, "~> 0.9", [hex: :elixir_make, repo: "hexpm", optional: false]}, {:fine, "~> 0.1.0", [hex: :fine, repo: "hexpm", optional: false]}], "hexpm", "0d8d15d97fe138faf581a593554aacbd89d64775ee2952895788319e9c1d1bda"},
}
